{
  "name": "gympoint",
  "version": "1.0.0",
  "lockfileVersion": 1,
  "requires": true,
  "dependencies": {
    "@sentry/core": {
      "version": "6.3.5",
      "resolved": "https://registry.npmjs.org/@sentry/core/-/core-6.3.5.tgz",
      "integrity": "sha512-VR2ibDy33mryD0mT6d9fGhKjdNzS2FSwwZPe9GvmNOjkyjly/oV91BKVoYJneCqOeq8fyj2lvkJGKuupdJNDqg==",
      "dev": true,
      "requires": {
        "@sentry/hub": "6.3.5",
        "@sentry/minimal": "6.3.5",
        "@sentry/types": "6.3.5",
        "@sentry/utils": "6.3.5",
        "tslib": "^1.9.3"
      }
    },
    "@sentry/hub": {
      "version": "6.3.5",
      "resolved": "https://registry.npmjs.org/@sentry/hub/-/hub-6.3.5.tgz",
      "integrity": "sha512-ZYFo7VYKwdPVjuV9BDFiYn+MpANn6eZMz5QDBfZ2dugIvIVbuOyOOLx8PSa3ZXJoVTZZ7s2wD2fi/ZxKjNjZOQ==",
      "dev": true,
      "requires": {
        "@sentry/types": "6.3.5",
        "@sentry/utils": "6.3.5",
        "tslib": "^1.9.3"
      }
    },
    "@sentry/minimal": {
      "version": "6.3.5",
      "resolved": "https://registry.npmjs.org/@sentry/minimal/-/minimal-6.3.5.tgz",
      "integrity": "sha512-4RqIGAU0+8iI/1sw0GYPTr4SUA88/i2+JPjFJ+qloh5ANVaNwhFPRChw+Ys9xpre8LV9JZrEsEf8AvQr4fkNbA==",
      "dev": true,
      "requires": {
        "@sentry/hub": "6.3.5",
        "@sentry/types": "6.3.5",
        "tslib": "^1.9.3"
      }
    },
    "@sentry/node": {
      "version": "6.3.5",
      "resolved": "https://registry.npmjs.org/@sentry/node/-/node-6.3.5.tgz",
      "integrity": "sha512-scPB+DoAEPaqkYuyb8d/gVWbFmX5PhaYSNHybeHncaP/P4itLdq/AoAWGNxl0Hj4EQokfT4OZWxaaJi7SCYnaw==",
      "dev": true,
      "requires": {
        "@sentry/core": "6.3.5",
        "@sentry/hub": "6.3.5",
        "@sentry/tracing": "6.3.5",
        "@sentry/types": "6.3.5",
        "@sentry/utils": "6.3.5",
        "cookie": "^0.4.1",
        "https-proxy-agent": "^5.0.0",
        "lru_map": "^0.3.3",
        "tslib": "^1.9.3"
      }
    },
    "@sentry/tracing": {
      "version": "6.3.5",
      "resolved": "https://registry.npmjs.org/@sentry/tracing/-/tracing-6.3.5.tgz",
      "integrity": "sha512-TNKAST1ge2g24BlTfVxNp4gP5t3drbi0OVCh8h8ah+J7UjHSfdiqhd9W2h5qv1GO61gGlpWeN/TyioyQmOxu0Q==",
      "dev": true,
      "requires": {
        "@sentry/hub": "6.3.5",
        "@sentry/minimal": "6.3.5",
        "@sentry/types": "6.3.5",
        "@sentry/utils": "6.3.5",
        "tslib": "^1.9.3"
      }
    },
    "@sentry/types": {
      "version": "6.3.5",
      "resolved": "https://registry.npmjs.org/@sentry/types/-/types-6.3.5.tgz",
      "integrity": "sha512-tY/3pkAmGYJ3F0BtwInsdt/uclNvF8aNG7XHsTPQNzk7BkNVWjCXx0sjxi6CILirl5nwNxYxVeTr2ZYAEZ/dSQ==",
      "dev": true
    },
    "@sentry/utils": {
      "version": "6.3.5",
      "resolved": "https://registry.npmjs.org/@sentry/utils/-/utils-6.3.5.tgz",
      "integrity": "sha512-kHUcZ37QYlNzz7c9LVdApITXHaNmQK7+sw/If3M/qpff1fd5XoecA8laLfcYuz+Cw5mRhVmdhPcCRM3Xi1IGXg==",
      "dev": true,
      "requires": {
        "@sentry/types": "6.3.5",
        "tslib": "^1.9.3"
      }
    },
    "@types/stack-trace": {
      "version": "0.0.29",
      "resolved": "https://registry.npmjs.org/@types/stack-trace/-/stack-trace-0.0.29.tgz",
      "integrity": "sha512-TgfOX+mGY/NyNxJLIbDWrO9DjGoVSW9+aB8H2yy1fy32jsvxijhmyJI9fDFgvz3YP4lvJaq9DzdR/M1bOgVc9g==",
      "dev": true
    },
    "agent-base": {
      "version": "6.0.2",
      "resolved": "https://registry.npmjs.org/agent-base/-/agent-base-6.0.2.tgz",
      "integrity": "sha512-RZNwNclF7+MS/8bDg70amg32dyeZGZxiDuQmZxKLAlQjr3jGyLx+4Kkk58UO7D2QdgFIQCovuSuZESne6RG6XQ==",
      "dev": true,
      "requires": {
        "debug": "4"
      }
    },
    "clone": {
      "version": "1.0.4",
      "resolved": "https://registry.npmjs.org/clone/-/clone-1.0.4.tgz",
      "integrity": "sha1-2jCcwmPfFZlMaIypAheco8fNfH4=",
      "dev": true
    },
    "cookie": {
      "version": "0.4.1",
      "resolved": "https://registry.npmjs.org/cookie/-/cookie-0.4.1.tgz",
      "integrity": "sha512-ZwrFkGJxUR3EIoXtO+yVE69Eb7KlixbaeAWfBQB9vVsNn/o+Yw69gBWSSDK825hQNdN+wF8zELf3dFNl/kxkUA==",
      "dev": true
    },
    "cors": {
      "version": "2.8.5",
      "resolved": "https://registry.npmjs.org/cors/-/cors-2.8.5.tgz",
      "integrity": "sha512-KIHbLJqu73RGr/hnbrO9uBeixNGuvSQjul/jdFvS/KFSIH1hWVd1ng7zOHx+YrEfInLG7q4n6GHQ9cDtxv/P6g==",
      "dev": true,
      "requires": {
        "object-assign": "^4",
        "vary": "^1"
      }
    },
    "debug": {
      "version": "4.3.1",
      "resolved": "https://registry.npmjs.org/debug/-/debug-4.3.1.tgz",
      "integrity": "sha512-doEwdvm4PCeK4K3RQN2ZC2BYUBaxwLARCqZmMjtF8a51J2Rb0xpVloFRnCODwqjpwnAoao4pelN8l3RJdv3gRQ==",
      "dev": true,
      "requires": {
        "ms": "2.1.2"
      }
    },
    "defaults": {
      "version": "1.0.3",
      "resolved": "https://registry.npmjs.org/defaults/-/defaults-1.0.3.tgz",
      "integrity": "sha1-xlYFHpgX2f8I7YgUd/P+QBnz730=",
      "dev": true,
      "requires": {
        "clone": "^1.0.2"
      }
    },
    "denque": {
      "version": "1.5.0",
      "resolved": "https://registry.npmjs.org/denque/-/denque-1.5.0.tgz",
      "integrity": "sha512-CYiCSgIF1p6EUByQPlGkKnP1M9g0ZV3qMIrqMqZqdwazygIA/YP2vrbcyl1h/WppKJTdl1F85cXIle+394iDAQ=="
    },
    "dotenv": {
      "version": "8.2.0",
      "resolved": "https://registry.npmjs.org/dotenv/-/dotenv-8.2.0.tgz",
      "integrity": "sha512-8sJ78ElpbDJBHNeBzUbUVLsqKdccaa/BXF1uPTw3GrvQTBgrQrtObr2mUrE38vzYd8cEv+m/JBfDLioYcfXoaw==",
      "dev": true
    },
    "express-async-errors": {
      "version": "3.1.1",
      "resolved": "https://registry.npmjs.org/express-async-errors/-/express-async-errors-3.1.1.tgz",
      "integrity": "sha512-h6aK1da4tpqWSbyCa3FxB/V6Ehd4EEB15zyQq9qe75OZBp0krinNKuH4rAY+S/U/2I36vdLAUFSjQJ+TFmODng==",
      "dev": true
    },
    "express-rate-limit": {
      "version": "5.2.6",
      "resolved": "https://registry.npmjs.org/express-rate-limit/-/express-rate-limit-5.2.6.tgz",
      "integrity": "sha512-nE96xaxGfxiS5jP3tD3kIW1Jg9yQgX0rXCs3rCkZtmbWHEGyotwaezkLj7bnB41Z0uaOLM8W4AX6qHao4IZ2YA==",
      "dev": true
    },
    "helmet": {
      "version": "4.6.0",
      "resolved": "https://registry.npmjs.org/helmet/-/helmet-4.6.0.tgz",
      "integrity": "sha512-HVqALKZlR95ROkrnesdhbbZJFi/rIVSoNq6f3jA/9u6MIbTsPh3xZwihjeI5+DO/2sOV6HMHooXcEOuwskHpTg==",
      "dev": true
    },
    "https-proxy-agent": {
      "version": "5.0.0",
      "resolved": "https://registry.npmjs.org/https-proxy-agent/-/https-proxy-agent-5.0.0.tgz",
      "integrity": "sha512-EkYm5BcKUGiduxzSt3Eppko+PiNWNEpa4ySk9vTC6wDsQJW9rHSa+UhGNJoRYp7bz6Ht1eaRIa6QaJqO5rCFbA==",
      "dev": true,
      "requires": {
        "agent-base": "6",
        "debug": "4"
      }
    },
    "lru_map": {
      "version": "0.3.3",
      "resolved": "https://registry.npmjs.org/lru_map/-/lru_map-0.3.3.tgz",
      "integrity": "sha1-tcg1G5Rky9dQM1p5ZQoOwOVhGN0=",
      "dev": true
    },
    "ms": {
      "version": "2.1.2",
      "resolved": "https://registry.npmjs.org/ms/-/ms-2.1.2.tgz",
      "integrity": "sha512-sGkPx+VjMtmA6MX27oA4FBFELFCZZ4S4XqeGOXCv68tT+jb3vk/RyaKWP0PTKyWtmLSM0b+adUTEvbs1PEaH2w==",
      "dev": true
    },
    "mustache": {
      "version": "4.2.0",
      "resolved": "https://registry.npmjs.org/mustache/-/mustache-4.2.0.tgz",
      "integrity": "sha512-71ippSywq5Yb7/tVYyGbkBggbU8H3u5Rz56fH60jGFgr8uHwxs+aSKeqmluIVzM0m0kB7xQjKS6qPfd0b2ZoqQ==",
      "dev": true
    },
    "object-assign": {
      "version": "4.1.1",
      "resolved": "https://registry.npmjs.org/object-assign/-/object-assign-4.1.1.tgz",
      "integrity": "sha1-IQmtx5ZYh8/AXLvUQsrIv7s2CGM=",
      "dev": true
    },
    "rate-limit-redis": {
      "version": "2.1.0",
      "resolved": "https://registry.npmjs.org/rate-limit-redis/-/rate-limit-redis-2.1.0.tgz",
      "integrity": "sha512-6SAsTCzY0v6UCIKLOLLYqR2XzFmgdtF7jWXlSPq2FrNIZk8tZ7xwBvyGW7GFMCe5I4S9lYNdrSJ9E84rz3/CpA==",
      "dev": true,
      "requires": {
        "defaults": "^1.0.3",
        "redis": "^3.0.2"
      }
    },
    "redis": {
      "version": "3.1.2",
      "resolved": "https://registry.npmjs.org/redis/-/redis-3.1.2.tgz",
      "integrity": "sha512-grn5KoZLr/qrRQVwoSkmzdbw6pwF+/rwODtrOr6vuBRiR/f3rjSTGupbF90Zpqm2oenix8Do6RV7pYEkGwlKkw==",
      "requires": {
        "denque": "^1.5.0",
        "redis-commands": "^1.7.0",
        "redis-errors": "^1.2.0",
        "redis-parser": "^3.0.0"
      }
    },
    "redis-commands": {
      "version": "1.7.0",
      "resolved": "https://registry.npmjs.org/redis-commands/-/redis-commands-1.7.0.tgz",
      "integrity": "sha512-nJWqw3bTFy21hX/CPKHth6sfhZbdiHP6bTawSgQBlKOVRG7EZkfHbbHwQJnrE4vsQf0CMNE+3gJ4Fmm16vdVlQ=="
    },
    "redis-errors": {
      "version": "1.2.0",
      "resolved": "https://registry.npmjs.org/redis-errors/-/redis-errors-1.2.0.tgz",
      "integrity": "sha1-62LSrbFeTq9GEMBK/hUpOEJQq60="
    },
    "redis-parser": {
      "version": "3.0.0",
      "resolved": "https://registry.npmjs.org/redis-parser/-/redis-parser-3.0.0.tgz",
      "integrity": "sha1-tm2CjNyv5rS4pCin3vTGvKwxyLQ=",
      "requires": {
        "redis-errors": "^1.0.0"
      }
    },
    "stack-trace": {
      "version": "0.0.10",
      "resolved": "https://registry.npmjs.org/stack-trace/-/stack-trace-0.0.10.tgz",
      "integrity": "sha1-VHxws0fo0ytOEI6hoqFZ5f3eGcA=",
      "dev": true
    },
    "tslib": {
      "version": "1.14.1",
      "resolved": "https://registry.npmjs.org/tslib/-/tslib-1.14.1.tgz",
      "integrity": "sha512-Xni35NKzjgMrwevysHTCArtLDpPvye8zV/0E4EyYn43P7/7qvQwPh9BGkHewbMulVntbigmcT7rdX3BNo9wRJg==",
      "dev": true
    },
    "vary": {
      "version": "1.1.2",
      "resolved": "https://registry.npmjs.org/vary/-/vary-1.1.2.tgz",
      "integrity": "sha1-IpnwLG3tMNSllhsLn3RSShj2NPw=",
      "dev": true
    },
    "youch": {
      "version": "2.2.1",
      "resolved": "https://registry.npmjs.org/youch/-/youch-2.2.1.tgz",
      "integrity": "sha512-omRM/t3JOsGN1wXP2r5HNmcUgkO3xxw+veese5L3FAgFwuqYZkK3Nuk03ZkTZ6VZ64lG6pbfl1pej49mt44wxA==",
      "dev": true,
      "requires": {
        "@types/stack-trace": "0.0.29",
        "cookie": "^0.4.1",
        "mustache": "^4.1.0",
        "stack-trace": "0.0.10"
      }
    }
  }
}
